
Microsoft Visual Studio Solution File, Format Version 12.00
# Visual Studio Version 16
VisualStudioVersion = 16.0.31205.134
MinimumVisualStudioVersion = 10.0.40219.1
Project("{8BC9CEB8-8B4A-11D0-8D11-00A0C91BC942}") = "Chapter3", "Chapter3\Chapter3.vcxproj", "{16A764E6-C6CF-458A-9598-44EA0F8EAB6D}"
EndProject
Global
	GlobalSection(SolutionConfigurationPlatforms) = preSolution
		Debug|x64 = Debug|x64
		Debug|x86 = Debug|x86
		Release|x64 = Release|x64
		Release|x86 = Release|x86
	EndGlobalSection
	GlobalSection(ProjectConfigurationPlatforms) = postSolution
		{16A764E6-C6CF-458A-9598-44EA0F8EAB6D}.Debug|x64.ActiveCfg = Debug|x64
		{16A764E6-C6CF-458A-9598-44EA0F8EAB6D}.Debug|x64.Build.0 = Debug|x64
		{16A764E6-C6CF-458A-9598-44EA0F8EAB6D}.Debug|x86.ActiveCfg = Debug|Win32
		{16A764E6-C6CF-458A-9598-44EA0F8EAB6D}.Debug|x86.Build.0 = Debug|Win32
		{16A764E6-C6CF-458A-9598-44EA0F8EAB6D}.Release|x64.ActiveCfg = Release|x64
		{16A764E6-C6CF-458A-9598-44EA0F8EAB6D}.Release|x64.Build.0 = Release|x64
		{16A764E6-C6CF-458A-9598-44EA0F8EAB6D}.Release|x86.ActiveCfg = Release|Win32
		{16A764E6-C6CF-458A-9598-44EA0F8EAB6D}.Release|x86.Build.0 = Release|Win32
	EndGlobalSection
	GlobalSection(SolutionProperties) = preSolution
		HideSolutionNode = FALSE
	EndGlobalSection
	GlobalSection(ExtensibilityGlobals) = postSolution
		SolutionGuid = {2A0D0532-8EBF-406D-9426-19360603A914}
	EndGlobalSection
EndGlobal
